
Microsoft Visual Studio Solution File, Format Version 12.00
# Visual Studio 15
VisualStudioVersion = 15.0.28307.106
MinimumVisualStudioVersion = 10.0.40219.1
Project("{FAE04EC0-301F-11D3-BF4B-00C04F79EFBC}") = "Otomatik Bilgisayar Kapat", "Otomatik Bilgisayar Kapat\Otomatik Bilgisayar Kapat.csproj", "{AC8B8443-6653-4791-927C-23EE0F07CEC4}"
EndProject
Project("{54435603-DBB4-11D2-8724-00A0C9A8B90C}") = "Oto Bilgisayar Kapat Setup", "Oto Bilgisayar Kapat Setup\Oto Bilgisayar Kapat Setup.vdproj", "{A4699746-D308-4273-AAC5-00737F1F16B9}"
EndProject
Global
	GlobalSection(SolutionConfigurationPlatforms) = preSolution
		Debug|Any CPU = Debug|Any CPU
		Release|Any CPU = Release|Any CPU
	EndGlobalSection
	GlobalSection(ProjectConfigurationPlatforms) = postSolution
		{AC8B8443-6653-4791-927C-23EE0F07CEC4}.Debug|Any CPU.ActiveCfg = Debug|Any CPU
		{AC8B8443-6653-4791-927C-23EE0F07CEC4}.Debug|Any CPU.Build.0 = Debug|Any CPU
		{AC8B8443-6653-4791-927C-23EE0F07CEC4}.Release|Any CPU.ActiveCfg = Release|Any CPU
		{AC8B8443-6653-4791-927C-23EE0F07CEC4}.Release|Any CPU.Build.0 = Release|Any CPU
		{A4699746-D308-4273-AAC5-00737F1F16B9}.Debug|Any CPU.ActiveCfg = Debug
		{A4699746-D308-4273-AAC5-00737F1F16B9}.Release|Any CPU.ActiveCfg = Release
	EndGlobalSection
	GlobalSection(SolutionProperties) = preSolution
		HideSolutionNode = FALSE
	EndGlobalSection
	GlobalSection(ExtensibilityGlobals) = postSolution
		SolutionGuid = {81FEB889-C652-43D5-B762-DEB440DAADAB}
	EndGlobalSection
EndGlobal
